
Microsoft Visual Studio Solution File, Format Version 12.00
# Visual Studio 15
VisualStudioVersion = 15.0.28307.271
MinimumVisualStudioVersion = 10.0.40219.1
Project("{FAE04EC0-301F-11D3-BF4B-00C04F79EFBC}") = "DanceMS.Android", "DanceMS\DanceMS.Android\DanceMS.Android.csproj", "{AD550CE4-3EA6-41ED-ADBB-65012E5F2133}"
EndProject
Project("{FAE04EC0-301F-11D3-BF4B-00C04F79EFBC}") = "DanceMS.iOS", "DanceMS\DanceMS.iOS\DanceMS.iOS.csproj", "{36A1C883-0697-4B2B-AA99-72D980CC1505}"
EndProject
Project("{FAE04EC0-301F-11D3-BF4B-00C04F79EFBC}") = "DanceMS.UWP", "DanceMS\DanceMS.UWP\DanceMS.UWP.csproj", "{A359785A-056E-4E2C-8CF0-81787A887527}"
EndProject
Project("{D954291E-2A0B-460D-934E-DC6B0785DB48}") = "DanceMS", "DanceMS\DanceMS\DanceMS.shproj", "{46BA2022-B58D-4E87-8392-0031CD8A7AAB}"
EndProject
Project("{FAE04EC0-301F-11D3-BF4B-00C04F79EFBC}") = "DanceMS.Backend", "Backend\DanceMS.Backend.csproj", "{209FA716-A7AD-4095-BD70-C8710FC66FA7}"
EndProject
Global
	GlobalSection(SharedMSBuildProjectFiles) = preSolution
		DanceMS\DanceMS\DanceMS.projitems*{36a1c883-0697-4b2b-aa99-72d980cc1505}*SharedItemsImports = 4
		DanceMS\DanceMS\DanceMS.projitems*{46ba2022-b58d-4e87-8392-0031cd8a7aab}*SharedItemsImports = 13
		DanceMS\DanceMS\DanceMS.projitems*{a359785a-056e-4e2c-8cf0-81787a887527}*SharedItemsImports = 4
		DanceMS\DanceMS\DanceMS.projitems*{ad550ce4-3ea6-41ed-adbb-65012e5f2133}*SharedItemsImports = 4
	EndGlobalSection
	GlobalSection(SolutionConfigurationPlatforms) = preSolution
		Ad-Hoc|Any CPU = Ad-Hoc|Any CPU
		Ad-Hoc|ARM = Ad-Hoc|ARM
		Ad-Hoc|iPhone = Ad-Hoc|iPhone
		Ad-Hoc|iPhoneSimulator = Ad-Hoc|iPhoneSimulator
		Ad-Hoc|x64 = Ad-Hoc|x64
		Ad-Hoc|x86 = Ad-Hoc|x86
		AppStore|Any CPU = AppStore|Any CPU
		AppStore|ARM = AppStore|ARM
		AppStore|iPhone = AppStore|iPhone
		AppStore|iPhoneSimulator = AppStore|iPhoneSimulator
		AppStore|x64 = AppStore|x64
		AppStore|x86 = AppStore|x86
		Debug|Any CPU = Debug|Any CPU
		Debug|ARM = Debug|ARM
		Debug|iPhone = Debug|iPhone
		Debug|iPhoneSimulator = Debug|iPhoneSimulator
		Debug|x64 = Debug|x64
		Debug|x86 = Debug|x86
		Release|Any CPU = Release|Any CPU
		Release|ARM = Release|ARM
		Release|iPhone = Release|iPhone
		Release|iPhoneSimulator = Release|iPhoneSimulator
		Release|x64 = Release|x64
		Release|x86 = Release|x86
	EndGlobalSection
	GlobalSection(ProjectConfigurationPlatforms) = postSolution
		{AD550CE4-3EA6-41ED-ADBB-65012E5F2133}.Ad-Hoc|Any CPU.ActiveCfg = Release|Any CPU
		{AD550CE4-3EA6-41ED-ADBB-65012E5F2133}.Ad-Hoc|Any CPU.Build.0 = Release|Any CPU
		{AD550CE4-3EA6-41ED-ADBB-65012E5F2133}.Ad-Hoc|Any CPU.Deploy.0 = Release|Any CPU
		{AD550CE4-3EA6-41ED-ADBB-65012E5F2133}.Ad-Hoc|ARM.ActiveCfg = Release|Any CPU
		{AD550CE4-3EA6-41ED-ADBB-65012E5F2133}.Ad-Hoc|ARM.Build.0 = Release|Any CPU
		{AD550CE4-3EA6-41ED-ADBB-65012E5F2133}.Ad-Hoc|ARM.Deploy.0 = Release|Any CPU
		{AD550CE4-3EA6-41ED-ADBB-65012E5F2133}.Ad-Hoc|iPhone.ActiveCfg = Release|Any CPU
		{AD550CE4-3EA6-41ED-ADBB-65012E5F2133}.Ad-Hoc|iPhone.Build.0 = Release|Any CPU
		{AD550CE4-3EA6-41ED-ADBB-65012E5F2133}.Ad-Hoc|iPhone.Deploy.0 = Release|Any CPU
		{AD550CE4-3EA6-41ED-ADBB-65012E5F2133}.Ad-Hoc|iPhoneSimulator.ActiveCfg = Release|Any CPU
		{AD550CE4-3EA6-41ED-ADBB-65012E5F2133}.Ad-Hoc|iPhoneSimulator.Build.0 = Release|Any CPU
		{AD550CE4-3EA6-41ED-ADBB-65012E5F2133}.Ad-Hoc|iPhoneSimulator.Deploy.0 = Release|Any CPU
		{AD550CE4-3EA6-41ED-ADBB-65012E5F2133}.Ad-Hoc|x64.ActiveCfg = Release|Any CPU
		{AD550CE4-3EA6-41ED-ADBB-65012E5F2133}.Ad-Hoc|x64.Build.0 = Release|Any CPU
		{AD550CE4-3EA6-41ED-ADBB-65012E5F2133}.Ad-Hoc|x64.Deploy.0 = Release|Any CPU
		{AD550CE4-3EA6-41ED-ADBB-65012E5F2133}.Ad-Hoc|x86.ActiveCfg = Release|Any CPU
		{AD550CE4-3EA6-41ED-ADBB-65012E5F2133}.Ad-Hoc|x86.Build.0 = Release|Any CPU
		{AD550CE4-3EA6-41ED-ADBB-65012E5F2133}.Ad-Hoc|x86.Deploy.0 = Release|Any CPU
		{AD550CE4-3EA6-41ED-ADBB-65012E5F2133}.AppStore|Any CPU.ActiveCfg = Release|Any CPU
		{AD550CE4-3EA6-41ED-ADBB-65012E5F2133}.AppStore|Any CPU.Build.0 = Release|Any CPU
		{AD550CE4-3EA6-41ED-ADBB-65012E5F2133}.AppStore|Any CPU.Deploy.0 = Release|Any CPU
		{AD550CE4-3EA6-41ED-ADBB-65012E5F2133}.AppStore|ARM.ActiveCfg = Release|Any CPU
		{AD550CE4-3EA6-41ED-ADBB-65012E5F2133}.AppStore|ARM.Build.0 = Release|Any CPU
		{AD550CE4-3EA6-41ED-ADBB-65012E5F2133}.AppStore|ARM.Deploy.0 = Release|Any CPU
		{AD550CE4-3EA6-41ED-ADBB-65012E5F2133}.AppStore|iPhone.ActiveCfg = Release|Any CPU
		{AD550CE4-3EA6-41ED-ADBB-65012E5F2133}.AppStore|iPhone.Build.0 = Release|Any CPU
		{AD550CE4-3EA6-41ED-ADBB-65012E5F2133}.AppStore|iPhone.Deploy.0 = Release|Any CPU
		{AD550CE4-3EA6-41ED-ADBB-65012E5F2133}.AppStore|iPhoneSimulator.ActiveCfg = Release|Any CPU
		{AD550CE4-3EA6-41ED-ADBB-65012E5F2133}.AppStore|iPhoneSimulator.Build.0 = Release|Any CPU
		{AD550CE4-3EA6-41ED-ADBB-65012E5F2133}.AppStore|iPhoneSimulator.Deploy.0 = Release|Any CPU
		{AD550CE4-3EA6-41ED-ADBB-65012E5F2133}.AppStore|x64.ActiveCfg = Release|Any CPU
		{AD550CE4-3EA6-41ED-ADBB-65012E5F2133}.AppStore|x64.Build.0 = Release|Any CPU
		{AD550CE4-3EA6-41ED-ADBB-65012E5F2133}.AppStore|x64.Deploy.0 = Release|Any CPU
		{AD550CE4-3EA6-41ED-ADBB-65012E5F2133}.AppStore|x86.ActiveCfg = Release|Any CPU
		{AD550CE4-3EA6-41ED-ADBB-65012E5F2133}.AppStore|x86.Build.0 = Release|Any CPU
		{AD550CE4-3EA6-41ED-ADBB-65012E5F2133}.AppStore|x86.Deploy.0 = Release|Any CPU
		{AD550CE4-3EA6-41ED-ADBB-65012E5F2133}.Debug|Any CPU.ActiveCfg = Debug|Any CPU
		{AD550CE4-3EA6-41ED-ADBB-65012E5F2133}.Debug|Any CPU.Build.0 = Debug|Any CPU
		{AD550CE4-3EA6-41ED-ADBB-65012E5F2133}.Debug|Any CPU.Deploy.0 = Debug|Any CPU
		{AD550CE4-3EA6-41ED-ADBB-65012E5F2133}.Debug|ARM.ActiveCfg = Debug|Any CPU
		{AD550CE4-3EA6-41ED-ADBB-65012E5F2133}.Debug|ARM.Build.0 = Debug|Any CPU
		{AD550CE4-3EA6-41ED-ADBB-65012E5F2133}.Debug|ARM.Deploy.0 = Debug|Any CPU
		{AD550CE4-3EA6-41ED-ADBB-65012E5F2133}.Debug|iPhone.ActiveCfg = Debug|Any CPU
		{AD550CE4-3EA6-41ED-ADBB-65012E5F2133}.Debug|iPhone.Build.0 = Debug|Any CPU
		{AD550CE4-3EA6-41ED-ADBB-65012E5F2133}.Debug|iPhone.Deploy.0 = Debug|Any CPU
		{AD550CE4-3EA6-41ED-ADBB-65012E5F2133}.Debug|iPhoneSimulator.ActiveCfg = Debug|Any CPU
		{AD550CE4-3EA6-41ED-ADBB-65012E5F2133}.Debug|iPhoneSimulator.Build.0 = Debug|Any CPU
		{AD550CE4-3EA6-41ED-ADBB-65012E5F2133}.Debug|iPhoneSimulator.Deploy.0 = Debug|Any CPU
		{AD550CE4-3EA6-41ED-ADBB-65012E5F2133}.Debug|x64.ActiveCfg = Debug|Any CPU
		{AD550CE4-3EA6-41ED-ADBB-65012E5F2133}.Debug|x64.Build.0 = Debug|Any CPU
		{AD550CE4-3EA6-41ED-ADBB-65012E5F2133}.Debug|x64.Deploy.0 = Debug|Any CPU
		{AD550CE4-3EA6-41ED-ADBB-65012E5F2133}.Debug|x86.ActiveCfg = Debug|Any CPU
		{AD550CE4-3EA6-41ED-ADBB-65012E5F2133}.Release|Any CPU.ActiveCfg = Release|Any CPU
		{AD550CE4-3EA6-41ED-ADBB-65012E5F2133}.Release|Any CPU.Build.0 = Release|Any CPU
		{AD550CE4-3EA6-41ED-ADBB-65012E5F2133}.Release|Any CPU.Deploy.0 = Release|Any CPU
		{AD550CE4-3EA6-41ED-ADBB-65012E5F2133}.Release|ARM.ActiveCfg = Release|Any CPU
		{AD550CE4-3EA6-41ED-ADBB-65012E5F2133}.Release|ARM.Build.0 = Release|Any CPU
		{AD550CE4-3EA6-41ED-ADBB-65012E5F2133}.Release|ARM.Deploy.0 = Release|Any CPU
		{AD550CE4-3EA6-41ED-ADBB-65012E5F2133}.Release|iPhone.ActiveCfg = Release|Any CPU
		{AD550CE4-3EA6-41ED-ADBB-65012E5F2133}.Release|iPhone.Build.0 = Release|Any CPU
		{AD550CE4-3EA6-41ED-ADBB-65012E5F2133}.Release|iPhone.Deploy.0 = Release|Any CPU
		{AD550CE4-3EA6-41ED-ADBB-65012E5F2133}.Release|iPhoneSimulator.ActiveCfg = Release|Any CPU
		{AD550CE4-3EA6-41ED-ADBB-65012E5F2133}.Release|iPhoneSimulator.Build.0 = Release|Any CPU
		{AD550CE4-3EA6-41ED-ADBB-65012E5F2133}.Release|iPhoneSimulator.Deploy.0 = Release|Any CPU
		{AD550CE4-3EA6-41ED-ADBB-65012E5F2133}.Release|x64.ActiveCfg = Release|Any CPU
		{AD550CE4-3EA6-41ED-ADBB-65012E5F2133}.Release|x64.Build.0 = Release|Any CPU
		{AD550CE4-3EA6-41ED-ADBB-65012E5F2133}.Release|x64.Deploy.0 = Release|Any CPU
		{AD550CE4-3EA6-41ED-ADBB-65012E5F2133}.Release|x86.ActiveCfg = Release|Any CPU
		{AD550CE4-3EA6-41ED-ADBB-65012E5F2133}.Release|x86.Build.0 = Release|Any CPU
		{AD550CE4-3EA6-41ED-ADBB-65012E5F2133}.Release|x86.Deploy.0 = Release|Any CPU
		{36A1C883-0697-4B2B-AA99-72D980CC1505}.Ad-Hoc|Any CPU.ActiveCfg = Ad-Hoc|iPhone
		{36A1C883-0697-4B2B-AA99-72D980CC1505}.Ad-Hoc|ARM.ActiveCfg = Ad-Hoc|iPhone
		{36A1C883-0697-4B2B-AA99-72D980CC1505}.Ad-Hoc|iPhone.ActiveCfg = Ad-Hoc|iPhone
		{36A1C883-0697-4B2B-AA99-72D980CC1505}.Ad-Hoc|iPhone.Build.0 = Ad-Hoc|iPhone
		{36A1C883-0697-4B2B-AA99-72D980CC1505}.Ad-Hoc|iPhoneSimulator.ActiveCfg = Ad-Hoc|iPhoneSimulator
		{36A1C883-0697-4B2B-AA99-72D980CC1505}.Ad-Hoc|iPhoneSimulator.Build.0 = Ad-Hoc|iPhoneSimulator
		{36A1C883-0697-4B2B-AA99-72D980CC1505}.Ad-Hoc|x64.ActiveCfg = Ad-Hoc|iPhone
		{36A1C883-0697-4B2B-AA99-72D980CC1505}.Ad-Hoc|x86.ActiveCfg = Ad-Hoc|iPhone
		{36A1C883-0697-4B2B-AA99-72D980CC1505}.AppStore|Any CPU.ActiveCfg = AppStore|iPhone
		{36A1C883-0697-4B2B-AA99-72D980CC1505}.AppStore|ARM.ActiveCfg = AppStore|iPhone
		{36A1C883-0697-4B2B-AA99-72D980CC1505}.AppStore|iPhone.ActiveCfg = AppStore|iPhone
		{36A1C883-0697-4B2B-AA99-72D980CC1505}.AppStore|iPhone.Build.0 = AppStore|iPhone
		{36A1C883-0697-4B2B-AA99-72D980CC1505}.AppStore|iPhoneSimulator.ActiveCfg = AppStore|iPhoneSimulator
		{36A1C883-0697-4B2B-AA99-72D980CC1505}.AppStore|iPhoneSimulator.Build.0 = AppStore|iPhoneSimulator
		{36A1C883-0697-4B2B-AA99-72D980CC1505}.AppStore|x64.ActiveCfg = AppStore|iPhone
		{36A1C883-0697-4B2B-AA99-72D980CC1505}.AppStore|x86.ActiveCfg = AppStore|iPhone
		{36A1C883-0697-4B2B-AA99-72D980CC1505}.Debug|Any CPU.ActiveCfg = Debug|iPhone
		{36A1C883-0697-4B2B-AA99-72D980CC1505}.Debug|ARM.ActiveCfg = Debug|iPhone
		{36A1C883-0697-4B2B-AA99-72D980CC1505}.Debug|iPhone.ActiveCfg = Debug|iPhone
		{36A1C883-0697-4B2B-AA99-72D980CC1505}.Debug|iPhone.Build.0 = Debug|iPhone
		{36A1C883-0697-4B2B-AA99-72D980CC1505}.Debug|iPhoneSimulator.ActiveCfg = Debug|iPhoneSimulator
		{36A1C883-0697-4B2B-AA99-72D980CC1505}.Debug|iPhoneSimulator.Build.0 = Debug|iPhoneSimulator
		{36A1C883-0697-4B2B-AA99-72D980CC1505}.Debug|x64.ActiveCfg = Debug|iPhone
		{36A1C883-0697-4B2B-AA99-72D980CC1505}.Debug|x86.ActiveCfg = Debug|iPhone
		{36A1C883-0697-4B2B-AA99-72D980CC1505}.Release|Any CPU.ActiveCfg = Release|iPhone
		{36A1C883-0697-4B2B-AA99-72D980CC1505}.Release|ARM.ActiveCfg = Release|iPhone
		{36A1C883-0697-4B2B-AA99-72D980CC1505}.Release|iPhone.ActiveCfg = Release|iPhone
		{36A1C883-0697-4B2B-AA99-72D980CC1505}.Release|iPhone.Build.0 = Release|iPhone
		{36A1C883-0697-4B2B-AA99-72D980CC1505}.Release|iPhoneSimulator.ActiveCfg = Release|iPhoneSimulator
		{36A1C883-0697-4B2B-AA99-72D980CC1505}.Release|iPhoneSimulator.Build.0 = Release|iPhoneSimulator
		{36A1C883-0697-4B2B-AA99-72D980CC1505}.Release|x64.ActiveCfg = Release|iPhone
		{36A1C883-0697-4B2B-AA99-72D980CC1505}.Release|x86.ActiveCfg = Release|iPhone
		{A359785A-056E-4E2C-8CF0-81787A887527}.Ad-Hoc|Any CPU.ActiveCfg = Release|x86
		{A359785A-056E-4E2C-8CF0-81787A887527}.Ad-Hoc|Any CPU.Build.0 = Release|x86
		{A359785A-056E-4E2C-8CF0-81787A887527}.Ad-Hoc|Any CPU.Deploy.0 = Release|x86
		{A359785A-056E-4E2C-8CF0-81787A887527}.Ad-Hoc|ARM.ActiveCfg = Release|ARM
		{A359785A-056E-4E2C-8CF0-81787A887527}.Ad-Hoc|ARM.Build.0 = Release|ARM
		{A359785A-056E-4E2C-8CF0-81787A887527}.Ad-Hoc|ARM.Deploy.0 = Release|ARM
		{A359785A-056E-4E2C-8CF0-81787A887527}.Ad-Hoc|iPhone.ActiveCfg = Release|x86
		{A359785A-056E-4E2C-8CF0-81787A887527}.Ad-Hoc|iPhone.Build.0 = Release|x86
		{A359785A-056E-4E2C-8CF0-81787A887527}.Ad-Hoc|iPhone.Deploy.0 = Release|x86
		{A359785A-056E-4E2C-8CF0-81787A887527}.Ad-Hoc|iPhoneSimulator.ActiveCfg = Release|x86
		{A359785A-056E-4E2C-8CF0-81787A887527}.Ad-Hoc|iPhoneSimulator.Build.0 = Release|x86
		{A359785A-056E-4E2C-8CF0-81787A887527}.Ad-Hoc|iPhoneSimulator.Deploy.0 = Release|x86
		{A359785A-056E-4E2C-8CF0-81787A887527}.Ad-Hoc|x64.ActiveCfg = Release|x64
		{A359785A-056E-4E2C-8CF0-81787A887527}.Ad-Hoc|x64.Build.0 = Release|x64
		{A359785A-056E-4E2C-8CF0-81787A887527}.Ad-Hoc|x64.Deploy.0 = Release|x64
		{A359785A-056E-4E2C-8CF0-81787A887527}.Ad-Hoc|x86.ActiveCfg = Release|x86
		{A359785A-056E-4E2C-8CF0-81787A887527}.Ad-Hoc|x86.Build.0 = Release|x86
		{A359785A-056E-4E2C-8CF0-81787A887527}.Ad-Hoc|x86.Deploy.0 = Release|x86
		{A359785A-056E-4E2C-8CF0-81787A887527}.AppStore|Any CPU.ActiveCfg = Release|x86
		{A359785A-056E-4E2C-8CF0-81787A887527}.AppStore|Any CPU.Build.0 = Release|x86
		{A359785A-056E-4E2C-8CF0-81787A887527}.AppStore|Any CPU.Deploy.0 = Release|x86
		{A359785A-056E-4E2C-8CF0-81787A887527}.AppStore|ARM.ActiveCfg = Release|ARM
		{A359785A-056E-4E2C-8CF0-81787A887527}.AppStore|ARM.Build.0 = Release|ARM
		{A359785A-056E-4E2C-8CF0-81787A887527}.AppStore|ARM.Deploy.0 = Release|ARM
		{A359785A-056E-4E2C-8CF0-81787A887527}.AppStore|iPhone.ActiveCfg = Release|x86
		{A359785A-056E-4E2C-8CF0-81787A887527}.AppStore|iPhone.Build.0 = Release|x86
		{A359785A-056E-4E2C-8CF0-81787A887527}.AppStore|iPhone.Deploy.0 = Release|x86
		{A359785A-056E-4E2C-8CF0-81787A887527}.AppStore|iPhoneSimulator.ActiveCfg = Release|x86
		{A359785A-056E-4E2C-8CF0-81787A887527}.AppStore|iPhoneSimulator.Build.0 = Release|x86
		{A359785A-056E-4E2C-8CF0-81787A887527}.AppStore|iPhoneSimulator.Deploy.0 = Release|x86
		{A359785A-056E-4E2C-8CF0-81787A887527}.AppStore|x64.ActiveCfg = Release|x64
		{A359785A-056E-4E2C-8CF0-81787A887527}.AppStore|x64.Build.0 = Release|x64
		{A359785A-056E-4E2C-8CF0-81787A887527}.AppStore|x64.Deploy.0 = Release|x64
		{A359785A-056E-4E2C-8CF0-81787A887527}.AppStore|x86.ActiveCfg = Release|x86
		{A359785A-056E-4E2C-8CF0-81787A887527}.AppStore|x86.Build.0 = Release|x86
		{A359785A-056E-4E2C-8CF0-81787A887527}.AppStore|x86.Deploy.0 = Release|x86
		{A359785A-056E-4E2C-8CF0-81787A887527}.Debug|Any CPU.ActiveCfg = Debug|x86
		{A359785A-056E-4E2C-8CF0-81787A887527}.Debug|ARM.ActiveCfg = Debug|ARM
		{A359785A-056E-4E2C-8CF0-81787A887527}.Debug|ARM.Build.0 = Debug|ARM
		{A359785A-056E-4E2C-8CF0-81787A887527}.Debug|ARM.Deploy.0 = Debug|ARM
		{A359785A-056E-4E2C-8CF0-81787A887527}.Debug|iPhone.ActiveCfg = Debug|x86
		{A359785A-056E-4E2C-8CF0-81787A887527}.Debug|iPhoneSimulator.ActiveCfg = Debug|x86
		{A359785A-056E-4E2C-8CF0-81787A887527}.Debug|x64.ActiveCfg = Debug|x64
		{A359785A-056E-4E2C-8CF0-81787A887527}.Debug|x64.Build.0 = Debug|x64
		{A359785A-056E-4E2C-8CF0-81787A887527}.Debug|x64.Deploy.0 = Debug|x64
		{A359785A-056E-4E2C-8CF0-81787A887527}.Debug|x86.ActiveCfg = Debug|x86
		{A359785A-056E-4E2C-8CF0-81787A887527}.Debug|x86.Build.0 = Debug|x86
		{A359785A-056E-4E2C-8CF0-81787A887527}.Debug|x86.Deploy.0 = Debug|x86
		{A359785A-056E-4E2C-8CF0-81787A887527}.Release|Any CPU.ActiveCfg = Release|x86
		{A359785A-056E-4E2C-8CF0-81787A887527}.Release|ARM.ActiveCfg = Release|ARM
		{A359785A-056E-4E2C-8CF0-81787A887527}.Release|ARM.Build.0 = Release|ARM
		{A359785A-056E-4E2C-8CF0-81787A887527}.Release|ARM.Deploy.0 = Release|ARM
		{A359785A-056E-4E2C-8CF0-81787A887527}.Release|iPhone.ActiveCfg = Release|x86
		{A359785A-056E-4E2C-8CF0-81787A887527}.Release|iPhoneSimulator.ActiveCfg = Release|x86
		{A359785A-056E-4E2C-8CF0-81787A887527}.Release|x64.ActiveCfg = Release|x64
		{A359785A-056E-4E2C-8CF0-81787A887527}.Release|x64.Build.0 = Release|x64
		{A359785A-056E-4E2C-8CF0-81787A887527}.Release|x64.Deploy.0 = Release|x64
		{A359785A-056E-4E2C-8CF0-81787A887527}.Release|x86.ActiveCfg = Release|x86
		{A359785A-056E-4E2C-8CF0-81787A887527}.Release|x86.Build.0 = Release|x86
		{A359785A-056E-4E2C-8CF0-81787A887527}.Release|x86.Deploy.0 = Release|x86
		{209FA716-A7AD-4095-BD70-C8710FC66FA7}.Ad-Hoc|Any CPU.ActiveCfg = Release|Any CPU
		{209FA716-A7AD-4095-BD70-C8710FC66FA7}.Ad-Hoc|Any CPU.Build.0 = Release|Any CPU
		{209FA716-A7AD-4095-BD70-C8710FC66FA7}.Ad-Hoc|ARM.ActiveCfg = Release|Any CPU
		{209FA716-A7AD-4095-BD70-C8710FC66FA7}.Ad-Hoc|ARM.Build.0 = Release|Any CPU
		{209FA716-A7AD-4095-BD70-C8710FC66FA7}.Ad-Hoc|iPhone.ActiveCfg = Release|Any CPU
		{209FA716-A7AD-4095-BD70-C8710FC66FA7}.Ad-Hoc|iPhone.Build.0 = Release|Any CPU
		{209FA716-A7AD-4095-BD70-C8710FC66FA7}.Ad-Hoc|iPhoneSimulator.ActiveCfg = Release|Any CPU
		{209FA716-A7AD-4095-BD70-C8710FC66FA7}.Ad-Hoc|iPhoneSimulator.Build.0 = Release|Any CPU
		{209FA716-A7AD-4095-BD70-C8710FC66FA7}.Ad-Hoc|x64.ActiveCfg = Release|Any CPU
		{209FA716-A7AD-4095-BD70-C8710FC66FA7}.Ad-Hoc|x64.Build.0 = Release|Any CPU
		{209FA716-A7AD-4095-BD70-C8710FC66FA7}.Ad-Hoc|x86.ActiveCfg = Release|Any CPU
		{209FA716-A7AD-4095-BD70-C8710FC66FA7}.Ad-Hoc|x86.Build.0 = Release|Any CPU
		{209FA716-A7AD-4095-BD70-C8710FC66FA7}.AppStore|Any CPU.ActiveCfg = Release|Any CPU
		{209FA716-A7AD-4095-BD70-C8710FC66FA7}.AppStore|Any CPU.Build.0 = Release|Any CPU
		{209FA716-A7AD-4095-BD70-C8710FC66FA7}.AppStore|ARM.ActiveCfg = Release|Any CPU
		{209FA716-A7AD-4095-BD70-C8710FC66FA7}.AppStore|ARM.Build.0 = Release|Any CPU
		{209FA716-A7AD-4095-BD70-C8710FC66FA7}.AppStore|iPhone.ActiveCfg = Release|Any CPU
		{209FA716-A7AD-4095-BD70-C8710FC66FA7}.AppStore|iPhone.Build.0 = Release|Any CPU
		{209FA716-A7AD-4095-BD70-C8710FC66FA7}.AppStore|iPhoneSimulator.ActiveCfg = Release|Any CPU
		{209FA716-A7AD-4095-BD70-C8710FC66FA7}.AppStore|iPhoneSimulator.Build.0 = Release|Any CPU
		{209FA716-A7AD-4095-BD70-C8710FC66FA7}.AppStore|x64.ActiveCfg = Release|Any CPU
		{209FA716-A7AD-4095-BD70-C8710FC66FA7}.AppStore|x64.Build.0 = Release|Any CPU
		{209FA716-A7AD-4095-BD70-C8710FC66FA7}.AppStore|x86.ActiveCfg = Release|Any CPU
		{209FA716-A7AD-4095-BD70-C8710FC66FA7}.AppStore|x86.Build.0 = Release|Any CPU
		{209FA716-A7AD-4095-BD70-C8710FC66FA7}.Debug|Any CPU.ActiveCfg = Debug|Any CPU
		{209FA716-A7AD-4095-BD70-C8710FC66FA7}.Debug|Any CPU.Build.0 = Debug|Any CPU
		{209FA716-A7AD-4095-BD70-C8710FC66FA7}.Debug|ARM.ActiveCfg = Debug|Any CPU
		{209FA716-A7AD-4095-BD70-C8710FC66FA7}.Debug|ARM.Build.0 = Debug|Any CPU
		{209FA716-A7AD-4095-BD70-C8710FC66FA7}.Debug|iPhone.ActiveCfg = Debug|Any CPU
		{209FA716-A7AD-4095-BD70-C8710FC66FA7}.Debug|iPhone.Build.0 = Debug|Any CPU
		{209FA716-A7AD-4095-BD70-C8710FC66FA7}.Debug|iPhoneSimulator.ActiveCfg = Debug|Any CPU
		{209FA716-A7AD-4095-BD70-C8710FC66FA7}.Debug|iPhoneSimulator.Build.0 = Debug|Any CPU
		{209FA716-A7AD-4095-BD70-C8710FC66FA7}.Debug|x64.ActiveCfg = Debug|Any CPU
		{209FA716-A7AD-4095-BD70-C8710FC66FA7}.Debug|x64.Build.0 = Debug|Any CPU
		{209FA716-A7AD-4095-BD70-C8710FC66FA7}.Debug|x86.ActiveCfg = Debug|Any CPU
		{209FA716-A7AD-4095-BD70-C8710FC66FA7}.Debug|x86.Build.0 = Debug|Any CPU
		{209FA716-A7AD-4095-BD70-C8710FC66FA7}.Release|Any CPU.ActiveCfg = Release|Any CPU
		{209FA716-A7AD-4095-BD70-C8710FC66FA7}.Release|Any CPU.Build.0 = Release|Any CPU
		{209FA716-A7AD-4095-BD70-C8710FC66FA7}.Release|ARM.ActiveCfg = Release|Any CPU
		{209FA716-A7AD-4095-BD70-C8710FC66FA7}.Release|ARM.Build.0 = Release|Any CPU
		{209FA716-A7AD-4095-BD70-C8710FC66FA7}.Release|iPhone.ActiveCfg = Release|Any CPU
		{209FA716-A7AD-4095-BD70-C8710FC66FA7}.Release|iPhone.Build.0 = Release|Any CPU
		{209FA716-A7AD-4095-BD70-C8710FC66FA7}.Release|iPhoneSimulator.ActiveCfg = Release|Any CPU
		{209FA716-A7AD-4095-BD70-C8710FC66FA7}.Release|iPhoneSimulator.Build.0 = Release|Any CPU
		{209FA716-A7AD-4095-BD70-C8710FC66FA7}.Release|x64.ActiveCfg = Release|Any CPU
		{209FA716-A7AD-4095-BD70-C8710FC66FA7}.Release|x64.Build.0 = Release|Any CPU
		{209FA716-A7AD-4095-BD70-C8710FC66FA7}.Release|x86.ActiveCfg = Release|Any CPU
		{209FA716-A7AD-4095-BD70-C8710FC66FA7}.Release|x86.Build.0 = Release|Any CPU
	EndGlobalSection
	GlobalSection(SolutionProperties) = preSolution
		HideSolutionNode = FALSE
	EndGlobalSection
	GlobalSection(ExtensibilityGlobals) = postSolution
		SolutionGuid = {8C2869D4-1F51-4A93-82AD-AF412B5D8FE0}
	EndGlobalSection
EndGlobal
